
Microsoft Visual Studio Solution File, Format Version 12.00
# Visual Studio 15
VisualStudioVersion = 15.0.26403.7
MinimumVisualStudioVersion = 10.0.40219.1
Project("{9A19103F-16F7-4668-BE54-9A1E7A4F7556}") = "OBD.NET.Common", "OBD.NET.Common\OBD.NET.Common.csproj", "{D985B70E-CDF3-4CF1-AB5D-8D19C7FE7B31}"
EndProject
Project("{FAE04EC0-301F-11D3-BF4B-00C04F79EFBC}") = "ODB.NET.Desktop", "ODB.NET.Desktop\ODB.NET.Desktop.csproj", "{14CB98E1-95DE-4923-8896-FDF5171AA49E}"
EndProject
Project("{FAE04EC0-301F-11D3-BF4B-00C04F79EFBC}") = "OBD.NET.Universal", "OBD.NET.Universal\OBD.NET.Universal.csproj", "{E0EAFF82-C514-4827-8F49-F1928EBA8E73}"
EndProject
Global
	GlobalSection(SolutionConfigurationPlatforms) = preSolution
		Debug|Any CPU = Debug|Any CPU
		Debug|ARM = Debug|ARM
		Debug|x64 = Debug|x64
		Debug|x86 = Debug|x86
		Release|Any CPU = Release|Any CPU
		Release|ARM = Release|ARM
		Release|x64 = Release|x64
		Release|x86 = Release|x86
	EndGlobalSection
	GlobalSection(ProjectConfigurationPlatforms) = postSolution
		{D985B70E-CDF3-4CF1-AB5D-8D19C7FE7B31}.Debug|Any CPU.ActiveCfg = Debug|Any CPU
		{D985B70E-CDF3-4CF1-AB5D-8D19C7FE7B31}.Debug|Any CPU.Build.0 = Debug|Any CPU
		{D985B70E-CDF3-4CF1-AB5D-8D19C7FE7B31}.Debug|ARM.ActiveCfg = Debug|Any CPU
		{D985B70E-CDF3-4CF1-AB5D-8D19C7FE7B31}.Debug|ARM.Build.0 = Debug|Any CPU
		{D985B70E-CDF3-4CF1-AB5D-8D19C7FE7B31}.Debug|x64.ActiveCfg = Debug|Any CPU
		{D985B70E-CDF3-4CF1-AB5D-8D19C7FE7B31}.Debug|x64.Build.0 = Debug|Any CPU
		{D985B70E-CDF3-4CF1-AB5D-8D19C7FE7B31}.Debug|x86.ActiveCfg = Debug|Any CPU
		{D985B70E-CDF3-4CF1-AB5D-8D19C7FE7B31}.Debug|x86.Build.0 = Debug|Any CPU
		{D985B70E-CDF3-4CF1-AB5D-8D19C7FE7B31}.Release|Any CPU.ActiveCfg = Release|Any CPU
		{D985B70E-CDF3-4CF1-AB5D-8D19C7FE7B31}.Release|Any CPU.Build.0 = Release|Any CPU
		{D985B70E-CDF3-4CF1-AB5D-8D19C7FE7B31}.Release|ARM.ActiveCfg = Release|Any CPU
		{D985B70E-CDF3-4CF1-AB5D-8D19C7FE7B31}.Release|ARM.Build.0 = Release|Any CPU
		{D985B70E-CDF3-4CF1-AB5D-8D19C7FE7B31}.Release|x64.ActiveCfg = Release|Any CPU
		{D985B70E-CDF3-4CF1-AB5D-8D19C7FE7B31}.Release|x64.Build.0 = Release|Any CPU
		{D985B70E-CDF3-4CF1-AB5D-8D19C7FE7B31}.Release|x86.ActiveCfg = Release|Any CPU
		{D985B70E-CDF3-4CF1-AB5D-8D19C7FE7B31}.Release|x86.Build.0 = Release|Any CPU
		{14CB98E1-95DE-4923-8896-FDF5171AA49E}.Debug|Any CPU.ActiveCfg = Debug|Any CPU
		{14CB98E1-95DE-4923-8896-FDF5171AA49E}.Debug|Any CPU.Build.0 = Debug|Any CPU
		{14CB98E1-95DE-4923-8896-FDF5171AA49E}.Debug|ARM.ActiveCfg = Debug|Any CPU
		{14CB98E1-95DE-4923-8896-FDF5171AA49E}.Debug|ARM.Build.0 = Debug|Any CPU
		{14CB98E1-95DE-4923-8896-FDF5171AA49E}.Debug|x64.ActiveCfg = Debug|Any CPU
		{14CB98E1-95DE-4923-8896-FDF5171AA49E}.Debug|x64.Build.0 = Debug|Any CPU
		{14CB98E1-95DE-4923-8896-FDF5171AA49E}.Debug|x86.ActiveCfg = Debug|Any CPU
		{14CB98E1-95DE-4923-8896-FDF5171AA49E}.Debug|x86.Build.0 = Debug|Any CPU
		{14CB98E1-95DE-4923-8896-FDF5171AA49E}.Release|Any CPU.ActiveCfg = Release|Any CPU
		{14CB98E1-95DE-4923-8896-FDF5171AA49E}.Release|Any CPU.Build.0 = Release|Any CPU
		{14CB98E1-95DE-4923-8896-FDF5171AA49E}.Release|ARM.ActiveCfg = Release|Any CPU
		{14CB98E1-95DE-4923-8896-FDF5171AA49E}.Release|ARM.Build.0 = Release|Any CPU
		{14CB98E1-95DE-4923-8896-FDF5171AA49E}.Release|x64.ActiveCfg = Release|Any CPU
		{14CB98E1-95DE-4923-8896-FDF5171AA49E}.Release|x64.Build.0 = Release|Any CPU
		{14CB98E1-95DE-4923-8896-FDF5171AA49E}.Release|x86.ActiveCfg = Release|Any CPU
		{14CB98E1-95DE-4923-8896-FDF5171AA49E}.Release|x86.Build.0 = Release|Any CPU
		{E0EAFF82-C514-4827-8F49-F1928EBA8E73}.Debug|Any CPU.ActiveCfg = Debug|Any CPU
		{E0EAFF82-C514-4827-8F49-F1928EBA8E73}.Debug|Any CPU.Build.0 = Debug|Any CPU
		{E0EAFF82-C514-4827-8F49-F1928EBA8E73}.Debug|ARM.ActiveCfg = Debug|ARM
		{E0EAFF82-C514-4827-8F49-F1928EBA8E73}.Debug|ARM.Build.0 = Debug|ARM
		{E0EAFF82-C514-4827-8F49-F1928EBA8E73}.Debug|x64.ActiveCfg = Debug|x64
		{E0EAFF82-C514-4827-8F49-F1928EBA8E73}.Debug|x64.Build.0 = Debug|x64
		{E0EAFF82-C514-4827-8F49-F1928EBA8E73}.Debug|x86.ActiveCfg = Debug|x86
		{E0EAFF82-C514-4827-8F49-F1928EBA8E73}.Debug|x86.Build.0 = Debug|x86
		{E0EAFF82-C514-4827-8F49-F1928EBA8E73}.Release|Any CPU.ActiveCfg = Release|Any CPU
		{E0EAFF82-C514-4827-8F49-F1928EBA8E73}.Release|Any CPU.Build.0 = Release|Any CPU
		{E0EAFF82-C514-4827-8F49-F1928EBA8E73}.Release|ARM.ActiveCfg = Release|ARM
		{E0EAFF82-C514-4827-8F49-F1928EBA8E73}.Release|ARM.Build.0 = Release|ARM
		{E0EAFF82-C514-4827-8F49-F1928EBA8E73}.Release|x64.ActiveCfg = Release|x64
		{E0EAFF82-C514-4827-8F49-F1928EBA8E73}.Release|x64.Build.0 = Release|x64
		{E0EAFF82-C514-4827-8F49-F1928EBA8E73}.Release|x86.ActiveCfg = Release|x86
		{E0EAFF82-C514-4827-8F49-F1928EBA8E73}.Release|x86.Build.0 = Release|x86
	EndGlobalSection
	GlobalSection(SolutionProperties) = preSolution
		HideSolutionNode = FALSE
	EndGlobalSection
EndGlobal
