
Microsoft Visual Studio Solution File, Format Version 12.00
Project("{FAE04EC0-301F-11D3-BF4B-00C04F79EFBC}") = "OBD.NET", "OBD.NET\OBD.NET.csproj", "{F60052E8-1201-4A5A-ADD7-6367C5424F74}"
EndProject
Project("{FAE04EC0-301F-11D3-BF4B-00C04F79EFBC}") = "ConsoleClient", "ConsoleClient\ConsoleClient.csproj", "{8AC58110-3925-481F-9D85-4B809D7D18B9}"
EndProject
Global
	GlobalSection(SolutionConfigurationPlatforms) = preSolution
		Debug|Any CPU = Debug|Any CPU
		Release|Any CPU = Release|Any CPU
	EndGlobalSection
	GlobalSection(ProjectConfigurationPlatforms) = postSolution
		{F60052E8-1201-4A5A-ADD7-6367C5424F74}.Debug|Any CPU.ActiveCfg = Debug|Any CPU
		{F60052E8-1201-4A5A-ADD7-6367C5424F74}.Debug|Any CPU.Build.0 = Debug|Any CPU
		{F60052E8-1201-4A5A-ADD7-6367C5424F74}.Release|Any CPU.ActiveCfg = Release|Any CPU
		{F60052E8-1201-4A5A-ADD7-6367C5424F74}.Release|Any CPU.Build.0 = Release|Any CPU
		{8AC58110-3925-481F-9D85-4B809D7D18B9}.Debug|Any CPU.ActiveCfg = Debug|Any CPU
		{8AC58110-3925-481F-9D85-4B809D7D18B9}.Debug|Any CPU.Build.0 = Debug|Any CPU
		{8AC58110-3925-481F-9D85-4B809D7D18B9}.Release|Any CPU.ActiveCfg = Release|Any CPU
		{8AC58110-3925-481F-9D85-4B809D7D18B9}.Release|Any CPU.Build.0 = Release|Any CPU
	EndGlobalSection
EndGlobal
