
Microsoft Visual Studio Solution File, Format Version 12.00
# Visual Studio Version 17
VisualStudioVersion = 17.0.32014.148
MinimumVisualStudioVersion = 10.0.40219.1
Project("{9A19103F-16F7-4668-BE54-9A1E7A4F7556}") = "OBD.NET", "OBD.NET\OBD.NET.csproj", "{F60052E8-1201-4A5A-ADD7-6367C5424F74}"
EndProject
Project("{9A19103F-16F7-4668-BE54-9A1E7A4F7556}") = "ConsoleClient", "ConsoleClient\ConsoleClient.csproj", "{8AC58110-3925-481F-9D85-4B809D7D18B9}"
EndProject
Global
	GlobalSection(SolutionConfigurationPlatforms) = preSolution
		Debug|Any CPU = Debug|Any CPU
		Debug|ARM = Debug|ARM
		Debug|ARM64 = Debug|ARM64
		Debug|x64 = Debug|x64
		Debug|x86 = Debug|x86
		Release|Any CPU = Release|Any CPU
		Release|ARM = Release|ARM
		Release|ARM64 = Release|ARM64
		Release|x64 = Release|x64
		Release|x86 = Release|x86
	EndGlobalSection
	GlobalSection(ProjectConfigurationPlatforms) = postSolution
		{F60052E8-1201-4A5A-ADD7-6367C5424F74}.Debug|Any CPU.ActiveCfg = Debug|Any CPU
		{F60052E8-1201-4A5A-ADD7-6367C5424F74}.Debug|Any CPU.Build.0 = Debug|Any CPU
		{F60052E8-1201-4A5A-ADD7-6367C5424F74}.Debug|ARM.ActiveCfg = Debug|Any CPU
		{F60052E8-1201-4A5A-ADD7-6367C5424F74}.Debug|ARM.Build.0 = Debug|Any CPU
		{F60052E8-1201-4A5A-ADD7-6367C5424F74}.Debug|ARM64.ActiveCfg = Debug|Any CPU
		{F60052E8-1201-4A5A-ADD7-6367C5424F74}.Debug|ARM64.Build.0 = Debug|Any CPU
		{F60052E8-1201-4A5A-ADD7-6367C5424F74}.Debug|x64.ActiveCfg = Debug|Any CPU
		{F60052E8-1201-4A5A-ADD7-6367C5424F74}.Debug|x64.Build.0 = Debug|Any CPU
		{F60052E8-1201-4A5A-ADD7-6367C5424F74}.Debug|x86.ActiveCfg = Debug|Any CPU
		{F60052E8-1201-4A5A-ADD7-6367C5424F74}.Debug|x86.Build.0 = Debug|Any CPU
		{F60052E8-1201-4A5A-ADD7-6367C5424F74}.Release|Any CPU.ActiveCfg = Release|Any CPU
		{F60052E8-1201-4A5A-ADD7-6367C5424F74}.Release|Any CPU.Build.0 = Release|Any CPU
		{F60052E8-1201-4A5A-ADD7-6367C5424F74}.Release|ARM.ActiveCfg = Release|Any CPU
		{F60052E8-1201-4A5A-ADD7-6367C5424F74}.Release|ARM.Build.0 = Release|Any CPU
		{F60052E8-1201-4A5A-ADD7-6367C5424F74}.Release|ARM64.ActiveCfg = Release|Any CPU
		{F60052E8-1201-4A5A-ADD7-6367C5424F74}.Release|ARM64.Build.0 = Release|Any CPU
		{F60052E8-1201-4A5A-ADD7-6367C5424F74}.Release|x64.ActiveCfg = Release|Any CPU
		{F60052E8-1201-4A5A-ADD7-6367C5424F74}.Release|x64.Build.0 = Release|Any CPU
		{F60052E8-1201-4A5A-ADD7-6367C5424F74}.Release|x86.ActiveCfg = Release|Any CPU
		{F60052E8-1201-4A5A-ADD7-6367C5424F74}.Release|x86.Build.0 = Release|Any CPU
		{8AC58110-3925-481F-9D85-4B809D7D18B9}.Debug|Any CPU.ActiveCfg = Debug|Any CPU
		{8AC58110-3925-481F-9D85-4B809D7D18B9}.Debug|Any CPU.Build.0 = Debug|Any CPU
		{8AC58110-3925-481F-9D85-4B809D7D18B9}.Debug|ARM.ActiveCfg = Debug|Any CPU
		{8AC58110-3925-481F-9D85-4B809D7D18B9}.Debug|ARM.Build.0 = Debug|Any CPU
		{8AC58110-3925-481F-9D85-4B809D7D18B9}.Debug|ARM64.ActiveCfg = Debug|Any CPU
		{8AC58110-3925-481F-9D85-4B809D7D18B9}.Debug|ARM64.Build.0 = Debug|Any CPU
		{8AC58110-3925-481F-9D85-4B809D7D18B9}.Debug|x64.ActiveCfg = Debug|Any CPU
		{8AC58110-3925-481F-9D85-4B809D7D18B9}.Debug|x64.Build.0 = Debug|Any CPU
		{8AC58110-3925-481F-9D85-4B809D7D18B9}.Debug|x86.ActiveCfg = Debug|Any CPU
		{8AC58110-3925-481F-9D85-4B809D7D18B9}.Debug|x86.Build.0 = Debug|Any CPU
		{8AC58110-3925-481F-9D85-4B809D7D18B9}.Release|Any CPU.ActiveCfg = Release|Any CPU
		{8AC58110-3925-481F-9D85-4B809D7D18B9}.Release|Any CPU.Build.0 = Release|Any CPU
		{8AC58110-3925-481F-9D85-4B809D7D18B9}.Release|ARM.ActiveCfg = Release|Any CPU
		{8AC58110-3925-481F-9D85-4B809D7D18B9}.Release|ARM.Build.0 = Release|Any CPU
		{8AC58110-3925-481F-9D85-4B809D7D18B9}.Release|ARM64.ActiveCfg = Release|Any CPU
		{8AC58110-3925-481F-9D85-4B809D7D18B9}.Release|ARM64.Build.0 = Release|Any CPU
		{8AC58110-3925-481F-9D85-4B809D7D18B9}.Release|x64.ActiveCfg = Release|Any CPU
		{8AC58110-3925-481F-9D85-4B809D7D18B9}.Release|x64.Build.0 = Release|Any CPU
		{8AC58110-3925-481F-9D85-4B809D7D18B9}.Release|x86.ActiveCfg = Release|Any CPU
		{8AC58110-3925-481F-9D85-4B809D7D18B9}.Release|x86.Build.0 = Release|Any CPU
	EndGlobalSection
	GlobalSection(SolutionProperties) = preSolution
		HideSolutionNode = FALSE
	EndGlobalSection
	GlobalSection(ExtensibilityGlobals) = postSolution
		SolutionGuid = {949E7C1D-8E95-46CF-B659-C6A15678A0D5}
	EndGlobalSection
EndGlobal
